
Microsoft Visual Studio Solution File, Format Version 12.00
# Visual Studio Version 16
VisualStudioVersion = 16.0.30011.22
MinimumVisualStudioVersion = 10.0.40219.1
Project("{FAE04EC0-301F-11D3-BF4B-00C04F79EFBC}") = "CodewarsKatas", "CodewarsKatas.csproj", "{3BCA1547-B60B-4C0B-AE6C-90F39375E567}"
EndProject
Project("{FAE04EC0-301F-11D3-BF4B-00C04F79EFBC}") = "UnitTest", "..\UnitTest\UnitTest.csproj", "{EF901816-D9F1-4116-ADFF-9D710E2BCAF6}"
EndProject
Global
	GlobalSection(SolutionConfigurationPlatforms) = preSolution
		Debug|Any CPU = Debug|Any CPU
		Release|Any CPU = Release|Any CPU
	EndGlobalSection
	GlobalSection(ProjectConfigurationPlatforms) = postSolution
		{3BCA1547-B60B-4C0B-AE6C-90F39375E567}.Debug|Any CPU.ActiveCfg = Debug|Any CPU
		{3BCA1547-B60B-4C0B-AE6C-90F39375E567}.Debug|Any CPU.Build.0 = Debug|Any CPU
		{3BCA1547-B60B-4C0B-AE6C-90F39375E567}.Release|Any CPU.ActiveCfg = Release|Any CPU
		{3BCA1547-B60B-4C0B-AE6C-90F39375E567}.Release|Any CPU.Build.0 = Release|Any CPU
		{EF901816-D9F1-4116-ADFF-9D710E2BCAF6}.Debug|Any CPU.ActiveCfg = Debug|Any CPU
		{EF901816-D9F1-4116-ADFF-9D710E2BCAF6}.Debug|Any CPU.Build.0 = Debug|Any CPU
		{EF901816-D9F1-4116-ADFF-9D710E2BCAF6}.Release|Any CPU.ActiveCfg = Release|Any CPU
		{EF901816-D9F1-4116-ADFF-9D710E2BCAF6}.Release|Any CPU.Build.0 = Release|Any CPU
	EndGlobalSection
	GlobalSection(SolutionProperties) = preSolution
		HideSolutionNode = FALSE
	EndGlobalSection
	GlobalSection(ExtensibilityGlobals) = postSolution
		SolutionGuid = {A43E12B2-531F-4BF0-BCA8-4002DA4F4302}
	EndGlobalSection
EndGlobal
